<?xml version="1.0" encoding="utf-8"?>
<Project ToolsVersion="4.0" xmlns="http://schemas.microsoft.com/developer/msbuild/2003">
  <ItemGroup>
    <Filter Include="Source Files">
      <UniqueIdentifier>{ab6a822a-58fe-4b40-af6c-bb1516d26905}</UniqueIdentifier>
      <Extensions>cpp;c;cxx;rc;def;r;odl;idl;hpj;bat</Extensions>
    </Filter>
    <Filter Include="Header Files">
      <UniqueIdentifier>{4523a14f-6351-46da-9ff5-e73438cd0a89}</UniqueIdentifier>
      <Extensions>h;hpp;hxx;hm;inl</Extensions>
    </Filter>
    <Filter Include="Resource Files">
      <UniqueIdentifier>{5ddd9a21-dfaa-44ed-a960-b739ed981102}</UniqueIdentifier>
      <Extensions>ico;cur;bmp;dlg;rc2;rct;bin;rgs;gif;jpg;jpeg;jpe</Extensions>
    </Filter>
  </ItemGroup>
  <ItemGroup>
    <ClCompile Include="base64.cpp">
      <Filter>Source Files</Filter>
    </ClCompile>
    <ClCompile Include="CSmtp.cpp">
      <Filter>Source Files</Filter>
    </ClCompile>
    <ClCompile Include="main.cpp">
      <Filter>Source Files</Filter>
    </ClCompile>
    <ClCompile Include="md5.cpp">
      <Filter>Source Files</Filter>
    </ClCompile>
  </ItemGroup>
  <ItemGroup>
    <ClInclude Include="base64.h">
      <Filter>Header Files</Filter>
    </ClInclude>
    <ClInclude Include="CSmtp.h">
      <Filter>Header Files</Filter>
    </ClInclude>
    <ClInclude Include="md5.h">
      <Filter>Header Files</Filter>
    </ClInclude>
  </ItemGroup>
</Project>